// !$*UTF8*$!
{
	archiveVersion = 1;
	classes = {
	};
	objectVersion = 56;
	objects = {

/* Begin PBXBuildFile section */
		583F01FB2A591DB300DBF5BD /* Self_AnalysisApp.swift in Sources */ = {isa = PBXBuildFile; fileRef = 583F01FA2A591DB300DBF5BD /* Self_AnalysisApp.swift */; };
		583F01FD2A591DB300DBF5BD /* ContentView.swift in Sources */ = {isa = PBXBuildFile; fileRef = 583F01FC2A591DB300DBF5BD /* ContentView.swift */; };
		583F01FF2A591DB500DBF5BD /* Assets.xcassets in Resources */ = {isa = PBXBuildFile; fileRef = 583F01FE2A591DB500DBF5BD /* Assets.xcassets */; };
		583F02022A591DB500DBF5BD /* Preview Assets.xcassets in Resources */ = {isa = PBXBuildFile; fileRef = 583F02012A591DB500DBF5BD /* Preview Assets.xcassets */; };
		583F020C2A591DB600DBF5BD /* Self_AnalysisTests.swift in Sources */ = {isa = PBXBuildFile; fileRef = 583F020B2A591DB600DBF5BD /* Self_AnalysisTests.swift */; };
		583F02162A591DB600DBF5BD /* Self_AnalysisUITests.swift in Sources */ = {isa = PBXBuildFile; fileRef = 583F02152A591DB600DBF5BD /* Self_AnalysisUITests.swift */; };
		583F02182A591DB600DBF5BD /* Self_AnalysisUITestsLaunchTests.swift in Sources */ = {isa = PBXBuildFile; fileRef = 583F02172A591DB600DBF5BD /* Self_AnalysisUITestsLaunchTests.swift */; };
/* End PBXBuildFile section */

/* Begin PBXContainerItemProxy section */
		583F02082A591DB600DBF5BD /* PBXContainerItemProxy */ = {
			isa = PBXContainerItemProxy;
			containerPortal = 583F01EF2A591DB300DBF5BD /* Project object */;
			proxyType = 1;
			remoteGlobalIDString = 583F01F62A591DB300DBF5BD;
			remoteInfo = "Self-Analysis";
		};
		583F02122A591DB600DBF5BD /* PBXContainerItemProxy */ = {
			isa = PBXContainerItemProxy;
			containerPortal = 583F01EF2A591DB300DBF5BD /* Project object */;
			proxyType = 1;
			remoteGlobalIDString = 583F01F62A591DB300DBF5BD;
			remoteInfo = "Self-Analysis";
		};
/* End PBXContainerItemProxy section */

/* Begin PBXFileReference section */
		583F01F72A591DB300DBF5BD /* Self-Analysis.app */ = {isa = PBXFileReference; explicitFileType = wrapper.application; includeInIndex = 0; path = "Self-Analysis.app"; sourceTree = BUILT_PRODUCTS_DIR; };
		583F01FA2A591DB300DBF5BD /* Self_AnalysisApp.swift */ = {isa = PBXFileReference; lastKnownFileType = sourcecode.swift; path = Self_AnalysisApp.swift; sourceTree = "<group>"; };
		583F01FC2A591DB300DBF5BD /* ContentView.swift */ = {isa = PBXFileReference; lastKnownFileType = sourcecode.swift; path = ContentView.swift; sourceTree = "<group>"; };
		583F01FE2A591DB500DBF5BD /* Assets.xcassets */ = {isa = PBXFileReference; lastKnownFileType = folder.assetcatalog; path = Assets.xcassets; sourceTree = "<group>"; };
		583F02012A591DB500DBF5BD /* Preview Assets.xcassets */ = {isa = PBXFileReference; lastKnownFileType = folder.assetcatalog; path = "Preview Assets.xcassets"; sourceTree = "<group>"; };
		583F02072A591DB600DBF5BD /* Self-AnalysisTests.xctest */ = {isa = PBXFileReference; explicitFileType = wrapper.cfbundle; includeInIndex = 0; path = "Self-AnalysisTests.xctest"; sourceTree = BUILT_PRODUCTS_DIR; };
		583F020B2A591DB600DBF5BD /* Self_AnalysisTests.swift */ = {isa = PBXFileReference; lastKnownFileType = sourcecode.swift; path = Self_AnalysisTests.swift; sourceTree = "<group>"; };
		583F02112A591DB600DBF5BD /* Self-AnalysisUITests.xctest */ = {isa = PBXFileReference; explicitFileType = wrapper.cfbundle; includeInIndex = 0; path = "Self-AnalysisUITests.xctest"; sourceTree = BUILT_PRODUCTS_DIR; };
		583F02152A591DB600DBF5BD /* Self_AnalysisUITests.swift */ = {isa = PBXFileReference; lastKnownFileType = sourcecode.swift; path = Self_AnalysisUITests.swift; sourceTree = "<group>"; };
		583F02172A591DB600DBF5BD /* Self_AnalysisUITestsLaunchTests.swift */ = {isa = PBXFileReference; lastKnownFileType = sourcecode.swift; path = Self_AnalysisUITestsLaunchTests.swift; sourceTree = "<group>"; };
/* End PBXFileReference section */

/* Begin PBXFrameworksBuildPhase section */
		583F01F42A591DB300DBF5BD /* Frameworks */ = {
			isa = PBXFrameworksBuildPhase;
			buildActionMask = 2147483647;
			files = (
			);
			runOnlyForDeploymentPostprocessing = 0;
		};
		583F02042A591DB600DBF5BD /* Frameworks */ = {
			isa = PBXFrameworksBuildPhase;
			buildActionMask = 2147483647;
			files = (
			);
			runOnlyForDeploymentPostprocessing = 0;
		};
		583F020E2A591DB600DBF5BD /* Frameworks */ = {
			isa = PBXFrameworksBuildPhase;
			buildActionMask = 2147483647;
			files = (
			);
			runOnlyForDeploymentPostprocessing = 0;
		};
/* End PBXFrameworksBuildPhase section */

/* Begin PBXGroup section */
		583F01EE2A591DB300DBF5BD = {
			isa = PBXGroup;
			children = (
				583F01F92A591DB300DBF5BD /* Self-Analysis */,
				583F020A2A591DB600DBF5BD /* Self-AnalysisTests */,
				583F02142A591DB600DBF5BD /* Self-AnalysisUITests */,
				583F01F82A591DB300DBF5BD /* Products */,
			);
			sourceTree = "<group>";
		};
		583F01F82A591DB300DBF5BD /* Products */ = {
			isa = PBXGroup;
			children = (
				583F01F72A591DB300DBF5BD /* Self-Analysis.app */,
				583F02072A591DB600DBF5BD /* Self-AnalysisTests.xctest */,
				583F02112A591DB600DBF5BD /* Self-AnalysisUITests.xctest */,
			);
			name = Products;
			sourceTree = "<group>";
		};
		583F01F92A591DB300DBF5BD /* Self-Analysis */ = {
			isa = PBXGroup;
			children = (
				583F01FA2A591DB300DBF5BD /* Self_AnalysisApp.swift */,
				583F01FC2A591DB300DBF5BD /* ContentView.swift */,
				583F01FE2A591DB500DBF5BD /* Assets.xcassets */,
				583F02002A591DB500DBF5BD /* Preview Content */,
			);
			path = "Self-Analysis";
			sourceTree = "<group>";
		};
		583F02002A591DB500DBF5BD /* Preview Content */ = {
			isa = PBXGroup;
			children = (
				583F02012A591DB500DBF5BD /* Preview Assets.xcassets */,
			);
			path = "Preview Content";
			sourceTree = "<group>";
		};
		583F020A2A591DB600DBF5BD /* Self-AnalysisTests */ = {
			isa = PBXGroup;
			children = (
				583F020B2A591DB600DBF5BD /* Self_AnalysisTests.swift */,
			);
			path = "Self-AnalysisTests";
			sourceTree = "<group>";
		};
		583F02142A591DB600DBF5BD /* Self-AnalysisUITests */ = {
			isa = PBXGroup;
			children = (
				583F02152A591DB600DBF5BD /* Self_AnalysisUITests.swift */,
				583F02172A591DB600DBF5BD /* Self_AnalysisUITestsLaunchTests.swift */,
			);
			path = "Self-AnalysisUITests";
			sourceTree = "<group>";
		};
/* End PBXGroup section */

/* Begin PBXNativeTarget section */
		583F01F62A591DB300DBF5BD /* Self-Analysis */ = {
			isa = PBXNativeTarget;
			buildConfigurationList = 583F021B2A591DB600DBF5BD /* Build configuration list for PBXNativeTarget "Self-Analysis" */;
			buildPhases = (
				583F01F32A591DB300DBF5BD /* Sources */,
				583F01F42A591DB300DBF5BD /* Frameworks */,
				583F01F52A591DB300DBF5BD /* Resources */,
			);
			buildRules = (
			);
			dependencies = (
			);
			name = "Self-Analysis";
			productName = "Self-Analysis";
			productReference = 583F01F72A591DB300DBF5BD /* Self-Analysis.app */;
			productType = "com.apple.product-type.application";
		};
		583F02062A591DB600DBF5BD /* Self-AnalysisTests */ = {
			isa = PBXNativeTarget;
			buildConfigurationList = 583F021E2A591DB600DBF5BD /* Build configuration list for PBXNativeTarget "Self-AnalysisTests" */;
			buildPhases = (
				583F02032A591DB600DBF5BD /* Sources */,
				583F02042A591DB600DBF5BD /* Frameworks */,
				583F02052A591DB600DBF5BD /* Resources */,
			);
			buildRules = (
			);
			dependencies = (
				583F02092A591DB600DBF5BD /* PBXTargetDependency */,
			);
			name = "Self-AnalysisTests";
			productName = "Self-AnalysisTests";
			productReference = 583F02072A591DB600DBF5BD /* Self-AnalysisTests.xctest */;
			productType = "com.apple.product-type.bundle.unit-test";
		};
		583F02102A591DB600DBF5BD /* Self-AnalysisUITests */ = {
			isa = PBXNativeTarget;
			buildConfigurationList = 583F02212A591DB600DBF5BD /* Build configuration list for PBXNativeTarget "Self-AnalysisUITests" */;
			buildPhases = (
				583F020D2A591DB600DBF5BD /* Sources */,
				583F020E2A591DB600DBF5BD /* Frameworks */,
				583F020F2A591DB600DBF5BD /* Resources */,
			);
			buildRules = (
			);
			dependencies = (
				583F02132A591DB600DBF5BD /* PBXTargetDependency */,
			);
			name = "Self-AnalysisUITests";
			productName = "Self-AnalysisUITests";
			productReference = 583F02112A591DB600DBF5BD /* Self-AnalysisUITests.xctest */;
			productType = "com.apple.product-type.bundle.ui-testing";
		};
/* End PBXNativeTarget section */

/* Begin PBXProject section */
		583F01EF2A591DB300DBF5BD /* Project object */ = {
			isa = PBXProject;
			attributes = {
				BuildIndependentTargetsInParallel = 1;
				LastSwiftUpdateCheck = 1430;
				LastUpgradeCheck = 1430;
				TargetAttributes = {
					583F01F62A591DB300DBF5BD = {
						CreatedOnToolsVersion = 14.3;
					};
					583F02062A591DB600DBF5BD = {
						CreatedOnToolsVersion = 14.3;
						TestTargetID = 583F01F62A591DB300DBF5BD;
					};
					583F02102A591DB600DBF5BD = {
						CreatedOnToolsVersion = 14.3;
						TestTargetID = 583F01F62A591DB300DBF5BD;
					};
				};
			};
			buildConfigurationList = 583F01F22A591DB300DBF5BD /* Build configuration list for PBXProject "Self-Analysis" */;
			compatibilityVersion = "Xcode 14.0";
			developmentRegion = en;
			hasScannedForEncodings = 0;
			knownRegions = (
				en,
				Base,
			);
			mainGroup = 583F01EE2A591DB300DBF5BD;
			productRefGroup = 583F01F82A591DB300DBF5BD /* Products */;
			projectDirPath = "";
			projectRoot = "";
			targets = (
				583F01F62A591DB300DBF5BD /* Self-Analysis */,
				583F02062A591DB600DBF5BD /* Self-AnalysisTests */,
				583F02102A591DB600DBF5BD /* Self-AnalysisUITests */,
			);
		};
/* End PBXProject section */

/* Begin PBXResourcesBuildPhase section */
		583F01F52A591DB300DBF5BD /* Resources */ = {
			isa = PBXResourcesBuildPhase;
			buildActionMask = 2147483647;
			files = (
				583F02022A591DB500DBF5BD /* Preview Assets.xcassets in Resources */,
				583F01FF2A591DB500DBF5BD /* Assets.xcassets in Resources */,
			);
			runOnlyForDeploymentPostprocessing = 0;
		};
		583F02052A591DB600DBF5BD /* Resources */ = {
			isa = PBXResourcesBuildPhase;
			buildActionMask = 2147483647;
			files = (
			);
			runOnlyForDeploymentPostprocessing = 0;
		};
		583F020F2A591DB600DBF5BD /* Resources */ = {
			isa = PBXResourcesBuildPhase;
			buildActionMask = 2147483647;
			files = (
			);
			runOnlyForDeploymentPostprocessing = 0;
		};
/* End PBXResourcesBuildPhase section */

/* Begin PBXSourcesBuildPhase section */
		583F01F32A591DB300DBF5BD /* Sources */ = {
			isa = PBXSourcesBuildPhase;
			buildActionMask = 2147483647;
			files = (
				583F01FD2A591DB300DBF5BD /* ContentView.swift in Sources */,
				583F01FB2A591DB300DBF5BD /* Self_AnalysisApp.swift in Sources */,
			);
			runOnlyForDeploymentPostprocessing = 0;
		};
		583F02032A591DB600DBF5BD /* Sources */ = {
			isa = PBXSourcesBuildPhase;
			buildActionMask = 2147483647;
			files = (
				583F020C2A591DB600DBF5BD /* Self_AnalysisTests.swift in Sources */,
			);
			runOnlyForDeploymentPostprocessing = 0;
		};
		583F020D2A591DB600DBF5BD /* Sources */ = {
			isa = PBXSourcesBuildPhase;
			buildActionMask = 2147483647;
			files = (
				583F02182A591DB600DBF5BD /* Self_AnalysisUITestsLaunchTests.swift in Sources */,
				583F02162A591DB600DBF5BD /* Self_AnalysisUITests.swift in Sources */,
			);
			runOnlyForDeploymentPostprocessing = 0;
		};
/* End PBXSourcesBuildPhase section */

/* Begin PBXTargetDependency section */
		583F02092A591DB600DBF5BD /* PBXTargetDependency */ = {
			isa = PBXTargetDependency;
			target = 583F01F62A591DB300DBF5BD /* Self-Analysis */;
			targetProxy = 583F02082A591DB600DBF5BD /* PBXContainerItemProxy */;
		};
		583F02132A591DB600DBF5BD /* PBXTargetDependency */ = {
			isa = PBXTargetDependency;
			target = 583F01F62A591DB300DBF5BD /* Self-Analysis */;
			targetProxy = 583F02122A591DB600DBF5BD /* PBXContainerItemProxy */;
		};
/* End PBXTargetDependency section */

/* Begin XCBuildConfiguration section */
		583F02192A591DB600DBF5BD /* Debug */ = {
			isa = XCBuildConfiguration;
			buildSettings = {
				ALWAYS_SEARCH_USER_PATHS = NO;
				CLANG_ANALYZER_NONNULL = YES;
				CLANG_ANALYZER_NUMBER_OBJECT_CONVERSION = YES_AGGRESSIVE;
				CLANG_CXX_LANGUAGE_STANDARD = "gnu++20";
				CLANG_ENABLE_MODULES = YES;
				CLANG_ENABLE_OBJC_ARC = YES;
				CLANG_ENABLE_OBJC_WEAK = YES;
				CLANG_WARN_BLOCK_CAPTURE_AUTORELEASING = YES;
				CLANG_WARN_BOOL_CONVERSION = YES;
				CLANG_WARN_COMMA = YES;
				CLANG_WARN_CONSTANT_CONVERSION = YES;
				CLANG_WARN_DEPRECATED_OBJC_IMPLEMENTATIONS = YES;
				CLANG_WARN_DIRECT_OBJC_ISA_USAGE = YES_ERROR;
				CLANG_WARN_DOCUMENTATION_COMMENTS = YES;
				CLANG_WARN_EMPTY_BODY = YES;
				CLANG_WARN_ENUM_CONVERSION = YES;
				CLANG_WARN_INFINITE_RECURSION = YES;
				CLANG_WARN_INT_CONVERSION = YES;
				CLANG_WARN_NON_LITERAL_NULL_CONVERSION = YES;
				CLANG_WARN_OBJC_IMPLICIT_RETAIN_SELF = YES;
				CLANG_WARN_OBJC_LITERAL_CONVERSION = YES;
				CLANG_WARN_OBJC_ROOT_CLASS = YES_ERROR;
				CLANG_WARN_QUOTED_INCLUDE_IN_FRAMEWORK_HEADER = YES;
				CLANG_WARN_RANGE_LOOP_ANALYSIS = YES;
				CLANG_WARN_STRICT_PROTOTYPES = YES;
				CLANG_WARN_SUSPICIOUS_MOVE = YES;
				CLANG_WARN_UNGUARDED_AVAILABILITY = YES_AGGRESSIVE;
				CLANG_WARN_UNREACHABLE_CODE = YES;
				CLANG_WARN__DUPLICATE_METHOD_MATCH = YES;
				COPY_PHASE_STRIP = NO;
				DEBUG_INFORMATION_FORMAT = dwarf;
				ENABLE_STRICT_OBJC_MSGSEND = YES;
				ENABLE_TESTABILITY = YES;
				GCC_C_LANGUAGE_STANDARD = gnu11;
				GCC_DYNAMIC_NO_PIC = NO;
				GCC_NO_COMMON_BLOCKS = YES;
				GCC_OPTIMIZATION_LEVEL = 0;
				GCC_PREPROCESSOR_DEFINITIONS = (
					"DEBUG=1",
					"$(inherited)",
				);
				GCC_WARN_64_TO_32_BIT_CONVERSION = YES;
				GCC_WARN_ABOUT_RETURN_TYPE = YES_ERROR;
				GCC_WARN_UNDECLARED_SELECTOR = YES;
				GCC_WARN_UNINITIALIZED_AUTOS = YES_AGGRESSIVE;
				GCC_WARN_UNUSED_FUNCTION = YES;
				GCC_WARN_UNUSED_VARIABLE = YES;
				IPHONEOS_DEPLOYMENT_TARGET = 16.4;
				MTL_ENABLE_DEBUG_INFO = INCLUDE_SOURCE;
				MTL_FAST_MATH = YES;
				ONLY_ACTIVE_ARCH = YES;
				SDKROOT = iphoneos;
				SWIFT_ACTIVE_COMPILATION_CONDITIONS = DEBUG;
				SWIFT_OPTIMIZATION_LEVEL = "-Onone";
			};
			name = Debug;
		};
		583F021A2A591DB600DBF5BD /* Release */ = {
			isa = XCBuildConfiguration;
			buildSettings = {
				ALWAYS_SEARCH_USER_PATHS = NO;
				CLANG_ANALYZER_NONNULL = YES;
				CLANG_ANALYZER_NUMBER_OBJECT_CONVERSION = YES_AGGRESSIVE;
				CLANG_CXX_LANGUAGE_STANDARD = "gnu++20";
				CLANG_ENABLE_MODULES = YES;
				CLANG_ENABLE_OBJC_ARC = YES;
				CLANG_ENABLE_OBJC_WEAK = YES;
				CLANG_WARN_BLOCK_CAPTURE_AUTORELEASING = YES;
				CLANG_WARN_BOOL_CONVERSION = YES;
				CLANG_WARN_COMMA = YES;
				CLANG_WARN_CONSTANT_CONVERSION = YES;
				CLANG_WARN_DEPRECATED_OBJC_IMPLEMENTATIONS = YES;
				CLANG_WARN_DIRECT_OBJC_ISA_USAGE = YES_ERROR;
				CLANG_WARN_DOCUMENTATION_COMMENTS = YES;
				CLANG_WARN_EMPTY_BODY = YES;
				CLANG_WARN_ENUM_CONVERSION = YES;
				CLANG_WARN_INFINITE_RECURSION = YES;
				CLANG_WARN_INT_CONVERSION = YES;
				CLANG_WARN_NON_LITERAL_NULL_CONVERSION = YES;
				CLANG_WARN_OBJC_IMPLICIT_RETAIN_SELF = YES;
				CLANG_WARN_OBJC_LITERAL_CONVERSION = YES;
				CLANG_WARN_OBJC_ROOT_CLASS = YES_ERROR;
				CLANG_WARN_QUOTED_INCLUDE_IN_FRAMEWORK_HEADER = YES;
				CLANG_WARN_RANGE_LOOP_ANALYSIS = YES;
				CLANG_WARN_STRICT_PROTOTYPES = YES;
				CLANG_WARN_SUSPICIOUS_MOVE = YES;
				CLANG_WARN_UNGUARDED_AVAILABILITY = YES_AGGRESSIVE;
				CLANG_WARN_UNREACHABLE_CODE = YES;
				CLANG_WARN__DUPLICATE_METHOD_MATCH = YES;
				COPY_PHASE_STRIP = NO;
				DEBUG_INFORMATION_FORMAT = "dwarf-with-dsym";
				ENABLE_NS_ASSERTIONS = NO;
				ENABLE_STRICT_OBJC_MSGSEND = YES;
				GCC_C_LANGUAGE_STANDARD = gnu11;
				GCC_NO_COMMON_BLOCKS = YES;
				GCC_WARN_64_TO_32_BIT_CONVERSION = YES;
				GCC_WARN_ABOUT_RETURN_TYPE = YES_ERROR;
				GCC_WARN_UNDECLARED_SELECTOR = YES;
				GCC_WARN_UNINITIALIZED_AUTOS = YES_AGGRESSIVE;
				GCC_WARN_UNUSED_FUNCTION = YES;
				GCC_WARN_UNUSED_VARIABLE = YES;
				IPHONEOS_DEPLOYMENT_TARGET = 16.4;
				MTL_ENABLE_DEBUG_INFO = NO;
				MTL_FAST_MATH = YES;
				SDKROOT = iphoneos;
				SWIFT_COMPILATION_MODE = wholemodule;
				SWIFT_OPTIMIZATION_LEVEL = "-O";
				VALIDATE_PRODUCT = YES;
			};
			name = Release;
		};
		583F021C2A591DB600DBF5BD /* Debug */ = {
			isa = XCBuildConfiguration;
			buildSettings = {
				ASSETCATALOG_COMPILER_APPICON_NAME = AppIcon;
				ASSETCATALOG_COMPILER_GLOBAL_ACCENT_COLOR_NAME = AccentColor;
				CODE_SIGN_STYLE = Automatic;
				CURRENT_PROJECT_VERSION = 1;
				DEVELOPMENT_ASSET_PATHS = "\"Self-Analysis/Preview Content\"";
				DEVELOPMENT_TEAM = VJW885QR8Q;
				ENABLE_PREVIEWS = YES;
				GENERATE_INFOPLIST_FILE = YES;
				INFOPLIST_KEY_UIApplicationSceneManifest_Generation = YES;
				INFOPLIST_KEY_UIApplicationSupportsIndirectInputEvents = YES;
				INFOPLIST_KEY_UILaunchScreen_Generation = YES;
				INFOPLIST_KEY_UISupportedInterfaceOrientations_iPad = "UIInterfaceOrientationPortrait UIInterfaceOrientationPortraitUpsideDown UIInterfaceOrientationLandscapeLeft UIInterfaceOrientationLandscapeRight";
				INFOPLIST_KEY_UISupportedInterfaceOrientations_iPhone = "UIInterfaceOrientationPortrait UIInterfaceOrientationLandscapeLeft UIInterfaceOrientationLandscapeRight";
				LD_RUNPATH_SEARCH_PATHS = (
					"$(inherited)",
					"@executable_path/Frameworks",
				);
				MARKETING_VERSION = 1.0;
				PRODUCT_BUNDLE_IDENTIFIER = "com.kazuki.Self-Analysis";
				PRODUCT_NAME = "$(TARGET_NAME)";
				SWIFT_EMIT_LOC_STRINGS = YES;
				SWIFT_VERSION = 5.0;
				TARGETED_DEVICE_FAMILY = "1,2";
			};
			name = Debug;
		};
		583F021D2A591DB600DBF5BD /* Release */ = {
			isa = XCBuildConfiguration;
			buildSettings = {
				ASSETCATALOG_COMPILER_APPICON_NAME = AppIcon;
				ASSETCATALOG_COMPILER_GLOBAL_ACCENT_COLOR_NAME = AccentColor;
				CODE_SIGN_STYLE = Automatic;
				CURRENT_PROJECT_VERSION = 1;
				DEVELOPMENT_ASSET_PATHS = "\"Self-Analysis/Preview Content\"";
				DEVELOPMENT_TEAM = VJW885QR8Q;
				ENABLE_PREVIEWS = YES;
				GENERATE_INFOPLIST_FILE = YES;
				INFOPLIST_KEY_UIApplicationSceneManifest_Generation = YES;
				INFOPLIST_KEY_UIApplicationSupportsIndirectInputEvents = YES;
				INFOPLIST_KEY_UILaunchScreen_Generation = YES;
				INFOPLIST_KEY_UISupportedInterfaceOrientations_iPad = "UIInterfaceOrientationPortrait UIInterfaceOrientationPortraitUpsideDown UIInterfaceOrientationLandscapeLeft UIInterfaceOrientationLandscapeRight";
				INFOPLIST_KEY_UISupportedInterfaceOrientations_iPhone = "UIInterfaceOrientationPortrait UIInterfaceOrientationLandscapeLeft UIInterfaceOrientationLandscapeRight";
				LD_RUNPATH_SEARCH_PATHS = (
					"$(inherited)",
					"@executable_path/Frameworks",
				);
				MARKETING_VERSION = 1.0;
				PRODUCT_BUNDLE_IDENTIFIER = "com.kazuki.Self-Analysis";
				PRODUCT_NAME = "$(TARGET_NAME)";
				SWIFT_EMIT_LOC_STRINGS = YES;
				SWIFT_VERSION = 5.0;
				TARGETED_DEVICE_FAMILY = "1,2";
			};
			name = Release;
		};
		583F021F2A591DB600DBF5BD /* Debug */ = {
			isa = XCBuildConfiguration;
			buildSettings = {
				ALWAYS_EMBED_SWIFT_STANDARD_LIBRARIES = YES;
				BUNDLE_LOADER = "$(TEST_HOST)";
				CODE_SIGN_STYLE = Automatic;
				CURRENT_PROJECT_VERSION = 1;
				DEVELOPMENT_TEAM = VJW885QR8Q;
				GENERATE_INFOPLIST_FILE = YES;
				IPHONEOS_DEPLOYMENT_TARGET = 16.4;
				MARKETING_VERSION = 1.0;
				PRODUCT_BUNDLE_IDENTIFIER = "com.kazuki.Self-AnalysisTests";
				PRODUCT_NAME = "$(TARGET_NAME)";
				SWIFT_EMIT_LOC_STRINGS = NO;
				SWIFT_VERSION = 5.0;
				TARGETED_DEVICE_FAMILY = "1,2";
				TEST_HOST = "$(BUILT_PRODUCTS_DIR)/Self-Analysis.app/$(BUNDLE_EXECUTABLE_FOLDER_PATH)/Self-Analysis";
			};
			name = Debug;
		};
		583F02202A591DB600DBF5BD /* Release */ = {
			isa = XCBuildConfiguration;
			buildSettings = {
				ALWAYS_EMBED_SWIFT_STANDARD_LIBRARIES = YES;
				BUNDLE_LOADER = "$(TEST_HOST)";
				CODE_SIGN_STYLE = Automatic;
				CURRENT_PROJECT_VERSION = 1;
				DEVELOPMENT_TEAM = VJW885QR8Q;
				GENERATE_INFOPLIST_FILE = YES;
				IPHONEOS_DEPLOYMENT_TARGET = 16.4;
				MARKETING_VERSION = 1.0;
				PRODUCT_BUNDLE_IDENTIFIER = "com.kazuki.Self-AnalysisTests";
				PRODUCT_NAME = "$(TARGET_NAME)";
				SWIFT_EMIT_LOC_STRINGS = NO;
				SWIFT_VERSION = 5.0;
				TARGETED_DEVICE_FAMILY = "1,2";
				TEST_HOST = "$(BUILT_PRODUCTS_DIR)/Self-Analysis.app/$(BUNDLE_EXECUTABLE_FOLDER_PATH)/Self-Analysis";
			};
			name = Release;
		};
		583F02222A591DB600DBF5BD /* Debug */ = {
			isa = XCBuildConfiguration;
			buildSettings = {
				ALWAYS_EMBED_SWIFT_STANDARD_LIBRARIES = YES;
				CODE_SIGN_STYLE = Automatic;
				CURRENT_PROJECT_VERSION = 1;
				DEVELOPMENT_TEAM = VJW885QR8Q;
				GENERATE_INFOPLIST_FILE = YES;
				MARKETING_VERSION = 1.0;
				PRODUCT_BUNDLE_IDENTIFIER = "com.kazuki.Self-AnalysisUITests";
				PRODUCT_NAME = "$(TARGET_NAME)";
				SWIFT_EMIT_LOC_STRINGS = NO;
				SWIFT_VERSION = 5.0;
				TARGETED_DEVICE_FAMILY = "1,2";
				TEST_TARGET_NAME = "Self-Analysis";
			};
			name = Debug;
		};
		583F02232A591DB600DBF5BD /* Release */ = {
			isa = XCBuildConfiguration;
			buildSettings = {
				ALWAYS_EMBED_SWIFT_STANDARD_LIBRARIES = YES;
				CODE_SIGN_STYLE = Automatic;
				CURRENT_PROJECT_VERSION = 1;
				DEVELOPMENT_TEAM = VJW885QR8Q;
				GENERATE_INFOPLIST_FILE = YES;
				MARKETING_VERSION = 1.0;
				PRODUCT_BUNDLE_IDENTIFIER = "com.kazuki.Self-AnalysisUITests";
				PRODUCT_NAME = "$(TARGET_NAME)";
				SWIFT_EMIT_LOC_STRINGS = NO;
				SWIFT_VERSION = 5.0;
				TARGETED_DEVICE_FAMILY = "1,2";
				TEST_TARGET_NAME = "Self-Analysis";
			};
			name = Release;
		};
/* End XCBuildConfiguration section */

/* Begin XCConfigurationList section */
		583F01F22A591DB300DBF5BD /* Build configuration list for PBXProject "Self-Analysis" */ = {
			isa = XCConfigurationList;
			buildConfigurations = (
				583F02192A591DB600DBF5BD /* Debug */,
				583F021A2A591DB600DBF5BD /* Release */,
			);
			defaultConfigurationIsVisible = 0;
			defaultConfigurationName = Release;
		};
		583F021B2A591DB600DBF5BD /* Build configuration list for PBXNativeTarget "Self-Analysis" */ = {
			isa = XCConfigurationList;
			buildConfigurations = (
				583F021C2A591DB600DBF5BD /* Debug */,
				583F021D2A591DB600DBF5BD /* Release */,
			);
			defaultConfigurationIsVisible = 0;
			defaultConfigurationName = Release;
		};
		583F021E2A591DB600DBF5BD /* Build configuration list for PBXNativeTarget "Self-AnalysisTests" */ = {
			isa = XCConfigurationList;
			buildConfigurations = (
				583F021F2A591DB600DBF5BD /* Debug */,
				583F02202A591DB600DBF5BD /* Release */,
			);
			defaultConfigurationIsVisible = 0;
			defaultConfigurationName = Release;
		};
		583F02212A591DB600DBF5BD /* Build configuration list for PBXNativeTarget "Self-AnalysisUITests" */ = {
			isa = XCConfigurationList;
			buildConfigurations = (
				583F02222A591DB600DBF5BD /* Debug */,
				583F02232A591DB600DBF5BD /* Release */,
			);
			defaultConfigurationIsVisible = 0;
			defaultConfigurationName = Release;
		};
/* End XCConfigurationList section */
	};
	rootObject = 583F01EF2A591DB300DBF5BD /* Project object */;
}
